
Microsoft Visual Studio Solution File, Format Version 12.00
# Visual Studio 15
VisualStudioVersion = 15.0.27130.2024
MinimumVisualStudioVersion = 10.0.40219.1
Project("{FAE04EC0-301F-11D3-BF4B-00C04F79EFBC}") = "SocialNetwork.Web", "SocialNetwork.Web\SocialNetwork.Web.csproj", "{ADA7D710-1EAC-45E5-8B7E-B80102D65288}"
EndProject
Project("{FAE04EC0-301F-11D3-BF4B-00C04F79EFBC}") = "SocialNetwork.API", "SocialNetwork.API\SocialNetwork.API.csproj", "{B3F01C88-6A0D-4B9A-86B4-71A9600C1537}"
EndProject
Project("{FAE04EC0-301F-11D3-BF4B-00C04F79EFBC}") = "SocialNetwork.Blobs", "SocialNetwork.Blobs\SocialNetwork.Blobs.csproj", "{5B18A7F2-2862-44AB-A94A-774C19568A31}"
EndProject
Global
	GlobalSection(SolutionConfigurationPlatforms) = preSolution
		Debug|Any CPU = Debug|Any CPU
		Release|Any CPU = Release|Any CPU
	EndGlobalSection
	GlobalSection(ProjectConfigurationPlatforms) = postSolution
		{ADA7D710-1EAC-45E5-8B7E-B80102D65288}.Debug|Any CPU.ActiveCfg = Debug|Any CPU
		{ADA7D710-1EAC-45E5-8B7E-B80102D65288}.Debug|Any CPU.Build.0 = Debug|Any CPU
		{ADA7D710-1EAC-45E5-8B7E-B80102D65288}.Release|Any CPU.ActiveCfg = Release|Any CPU
		{ADA7D710-1EAC-45E5-8B7E-B80102D65288}.Release|Any CPU.Build.0 = Release|Any CPU
		{B3F01C88-6A0D-4B9A-86B4-71A9600C1537}.Debug|Any CPU.ActiveCfg = Debug|Any CPU
		{B3F01C88-6A0D-4B9A-86B4-71A9600C1537}.Debug|Any CPU.Build.0 = Debug|Any CPU
		{B3F01C88-6A0D-4B9A-86B4-71A9600C1537}.Release|Any CPU.ActiveCfg = Release|Any CPU
		{B3F01C88-6A0D-4B9A-86B4-71A9600C1537}.Release|Any CPU.Build.0 = Release|Any CPU
		{5B18A7F2-2862-44AB-A94A-774C19568A31}.Debug|Any CPU.ActiveCfg = Debug|Any CPU
		{5B18A7F2-2862-44AB-A94A-774C19568A31}.Debug|Any CPU.Build.0 = Debug|Any CPU
		{5B18A7F2-2862-44AB-A94A-774C19568A31}.Release|Any CPU.ActiveCfg = Release|Any CPU
		{5B18A7F2-2862-44AB-A94A-774C19568A31}.Release|Any CPU.Build.0 = Release|Any CPU
	EndGlobalSection
	GlobalSection(SolutionProperties) = preSolution
		HideSolutionNode = FALSE
	EndGlobalSection
	GlobalSection(ExtensibilityGlobals) = postSolution
		SolutionGuid = {1D59D8D9-05B9-453F-8EB1-45A01972FE13}
	EndGlobalSection
EndGlobal
